
Microsoft Visual Studio Solution File, Format Version 12.00
# Visual Studio 15
VisualStudioVersion = 15.0.28307.1022
MinimumVisualStudioVersion = 10.0.40219.1
Project("{FAE04EC0-301F-11D3-BF4B-00C04F79EFBC}") = "ProjetoRui", "ProjetoRui\ProjetoRui.csproj", "{70599527-C03A-4C55-9D56-F700018A1FB6}"
EndProject
Project("{FAE04EC0-301F-11D3-BF4B-00C04F79EFBC}") = "ObjetosTransferencias", "ObjetosTransferencias\ObjetosTransferencias.csproj", "{B791542B-684B-4AE9-AFF4-210EB86A18B8}"
EndProject
Project("{FAE04EC0-301F-11D3-BF4B-00C04F79EFBC}") = "BancoDados", "BancoDados\BancoDados.csproj", "{105798A6-6402-4682-B147-A436670B46E0}"
EndProject
Project("{FAE04EC0-301F-11D3-BF4B-00C04F79EFBC}") = "Negocios", "Negocios\Negocios.csproj", "{D45A4595-E3E2-422A-807F-94A22415F875}"
EndProject
Project("{FAE04EC0-301F-11D3-BF4B-00C04F79EFBC}") = "Apoio", "Apoio\Apoio.csproj", "{B311271F-F57A-4A95-8327-DF91A3501CF4}"
EndProject
Global
	GlobalSection(SolutionConfigurationPlatforms) = preSolution
		Debug|Any CPU = Debug|Any CPU
		Release|Any CPU = Release|Any CPU
	EndGlobalSection
	GlobalSection(ProjectConfigurationPlatforms) = postSolution
		{70599527-C03A-4C55-9D56-F700018A1FB6}.Debug|Any CPU.ActiveCfg = Debug|Any CPU
		{70599527-C03A-4C55-9D56-F700018A1FB6}.Debug|Any CPU.Build.0 = Debug|Any CPU
		{70599527-C03A-4C55-9D56-F700018A1FB6}.Release|Any CPU.ActiveCfg = Release|Any CPU
		{70599527-C03A-4C55-9D56-F700018A1FB6}.Release|Any CPU.Build.0 = Release|Any CPU
		{B791542B-684B-4AE9-AFF4-210EB86A18B8}.Debug|Any CPU.ActiveCfg = Debug|Any CPU
		{B791542B-684B-4AE9-AFF4-210EB86A18B8}.Debug|Any CPU.Build.0 = Debug|Any CPU
		{B791542B-684B-4AE9-AFF4-210EB86A18B8}.Release|Any CPU.ActiveCfg = Release|Any CPU
		{B791542B-684B-4AE9-AFF4-210EB86A18B8}.Release|Any CPU.Build.0 = Release|Any CPU
		{105798A6-6402-4682-B147-A436670B46E0}.Debug|Any CPU.ActiveCfg = Debug|Any CPU
		{105798A6-6402-4682-B147-A436670B46E0}.Debug|Any CPU.Build.0 = Debug|Any CPU
		{105798A6-6402-4682-B147-A436670B46E0}.Release|Any CPU.ActiveCfg = Release|Any CPU
		{105798A6-6402-4682-B147-A436670B46E0}.Release|Any CPU.Build.0 = Release|Any CPU
		{D45A4595-E3E2-422A-807F-94A22415F875}.Debug|Any CPU.ActiveCfg = Debug|Any CPU
		{D45A4595-E3E2-422A-807F-94A22415F875}.Debug|Any CPU.Build.0 = Debug|Any CPU
		{D45A4595-E3E2-422A-807F-94A22415F875}.Release|Any CPU.ActiveCfg = Release|Any CPU
		{D45A4595-E3E2-422A-807F-94A22415F875}.Release|Any CPU.Build.0 = Release|Any CPU
		{B311271F-F57A-4A95-8327-DF91A3501CF4}.Debug|Any CPU.ActiveCfg = Debug|Any CPU
		{B311271F-F57A-4A95-8327-DF91A3501CF4}.Debug|Any CPU.Build.0 = Debug|Any CPU
		{B311271F-F57A-4A95-8327-DF91A3501CF4}.Release|Any CPU.ActiveCfg = Release|Any CPU
		{B311271F-F57A-4A95-8327-DF91A3501CF4}.Release|Any CPU.Build.0 = Release|Any CPU
	EndGlobalSection
	GlobalSection(SolutionProperties) = preSolution
		HideSolutionNode = FALSE
	EndGlobalSection
	GlobalSection(ExtensibilityGlobals) = postSolution
		SolutionGuid = {AEEC1AD7-9FB8-4DED-9F0F-8C6CAAB27A26}
	EndGlobalSection
EndGlobal
